
Microsoft Visual Studio Solution File, Format Version 12.00
# Visual Studio Version 17
VisualStudioVersion = 17.4.33205.214
MinimumVisualStudioVersion = 10.0.40219.1
Project("{888888A0-9F3D-457C-B088-3A5042F75D52}") = "Järjendid ja funktsioonid", "Järjendid ja funktsioonid.pyproj", "{A2FB0719-EB4A-4543-90F6-39637BE5E350}"
EndProject
Global
	GlobalSection(SolutionConfigurationPlatforms) = preSolution
		Debug|Any CPU = Debug|Any CPU
		Release|Any CPU = Release|Any CPU
	EndGlobalSection
	GlobalSection(ProjectConfigurationPlatforms) = postSolution
		{A2FB0719-EB4A-4543-90F6-39637BE5E350}.Debug|Any CPU.ActiveCfg = Debug|Any CPU
		{A2FB0719-EB4A-4543-90F6-39637BE5E350}.Release|Any CPU.ActiveCfg = Release|Any CPU
	EndGlobalSection
	GlobalSection(SolutionProperties) = preSolution
		HideSolutionNode = FALSE
	EndGlobalSection
	GlobalSection(ExtensibilityGlobals) = postSolution
		SolutionGuid = {2FD96086-B472-43E2-A0C7-13895E35E402}
	EndGlobalSection
EndGlobal
